
Microsoft Visual Studio Solution File, Format Version 12.00
# Visual Studio Version 17
VisualStudioVersion = 17.3.32929.385
MinimumVisualStudioVersion = 10.0.40219.1
Project("{9A19103F-16F7-4668-BE54-9A1E7A4F7556}") = "proUserInfoManagement", "proUserInfoManagement\proUserInfoManagement.csproj", "{BA5E7CD8-A9BD-4E57-BC6B-F380E785FF34}"
EndProject
Project("{9A19103F-16F7-4668-BE54-9A1E7A4F7556}") = "proUserInfoManagement.Api", "proUserInfoManagement.Api\proUserInfoManagement.Api.csproj", "{7EB4A095-4E57-4786-88EA-B4510033F622}"
EndProject
Project("{9A19103F-16F7-4668-BE54-9A1E7A4F7556}") = "proUserInfoManagement.Models", "proUserInfoManagement.Models\proUserInfoManagement.Models.csproj", "{742D99D0-3DCF-4B6D-B66E-C1BCD87394C1}"
EndProject
Global
	GlobalSection(SolutionConfigurationPlatforms) = preSolution
		Debug|Any CPU = Debug|Any CPU
		Release|Any CPU = Release|Any CPU
	EndGlobalSection
	GlobalSection(ProjectConfigurationPlatforms) = postSolution
		{BA5E7CD8-A9BD-4E57-BC6B-F380E785FF34}.Debug|Any CPU.ActiveCfg = Debug|Any CPU
		{BA5E7CD8-A9BD-4E57-BC6B-F380E785FF34}.Debug|Any CPU.Build.0 = Debug|Any CPU
		{BA5E7CD8-A9BD-4E57-BC6B-F380E785FF34}.Release|Any CPU.ActiveCfg = Release|Any CPU
		{BA5E7CD8-A9BD-4E57-BC6B-F380E785FF34}.Release|Any CPU.Build.0 = Release|Any CPU
		{7EB4A095-4E57-4786-88EA-B4510033F622}.Debug|Any CPU.ActiveCfg = Debug|Any CPU
		{7EB4A095-4E57-4786-88EA-B4510033F622}.Debug|Any CPU.Build.0 = Debug|Any CPU
		{7EB4A095-4E57-4786-88EA-B4510033F622}.Release|Any CPU.ActiveCfg = Release|Any CPU
		{7EB4A095-4E57-4786-88EA-B4510033F622}.Release|Any CPU.Build.0 = Release|Any CPU
		{742D99D0-3DCF-4B6D-B66E-C1BCD87394C1}.Debug|Any CPU.ActiveCfg = Debug|Any CPU
		{742D99D0-3DCF-4B6D-B66E-C1BCD87394C1}.Debug|Any CPU.Build.0 = Debug|Any CPU
		{742D99D0-3DCF-4B6D-B66E-C1BCD87394C1}.Release|Any CPU.ActiveCfg = Release|Any CPU
		{742D99D0-3DCF-4B6D-B66E-C1BCD87394C1}.Release|Any CPU.Build.0 = Release|Any CPU
	EndGlobalSection
	GlobalSection(SolutionProperties) = preSolution
		HideSolutionNode = FALSE
	EndGlobalSection
	GlobalSection(ExtensibilityGlobals) = postSolution
		SolutionGuid = {A2A9F08E-F9A5-43D4-ABD8-57A3C6BBA7FA}
	EndGlobalSection
EndGlobal
